DEPENDENCIES
  sufia
    path: cookbooks/sufia
  sufia-hydra
    path: .
    metadata: true
  ubuntu-baseline
    path: cookbooks/ubuntu-baseline

GRAPH
  7-zip (1.0.2)
    windows (>= 1.2.2)
  apt (2.6.0)
  ark (0.9.0)
    7-zip (>= 0.0.0)
    windows (>= 0.0.0)
  build-essential (2.1.2)
  chef_handler (1.2.0)
  dmg (2.2.2)
  git (4.3.4)
    build-essential (>= 0.0.0)
    dmg (>= 0.0.0)
    windows (>= 0.0.0)
    yum-epel (>= 0.0.0)
  imagemagick (0.2.3)
  sufia (6.3.0)
    ark (>= 0.0.0)
    git (>= 0.0.0)
    imagemagick (>= 0.0.0)
  sufia-hydra (6.3.0)
    ark (>= 0.0.0)
    git (>= 0.0.0)
    imagemagick (>= 0.0.0)
  ubuntu-baseline (0.1.0)
    apt (>= 0.0.0)
    build-essential (>= 0.0.0)
    unattended_upgrades (>= 0.0.0)
  unattended_upgrades (0.1.2)
  windows (1.38.1)
    chef_handler (>= 0.0.0)
  yum (3.7.1)
  yum-epel (0.6.2)
    yum (~> 3.2)
